
Microsoft Visual Studio Solution File, Format Version 12.00
# Visual Studio Version 17
VisualStudioVersion = 17.9.34728.123
MinimumVisualStudioVersion = 10.0.40219.1
Project("{FAE04EC0-301F-11D3-BF4B-00C04F79EFBC}") = "Week 2", "Week 2\Week 2.csproj", "{AA614FA2-64B1-49D6-9DF8-59405008F945}"
EndProject
Project("{FAE04EC0-301F-11D3-BF4B-00C04F79EFBC}") = "UserGenderValidation", "UserAgeValidation\UserGenderValidation.csproj", "{4D95FAEF-841C-4D21-A1F6-C66431D37B9F}"
EndProject
Project("{FAE04EC0-301F-11D3-BF4B-00C04F79EFBC}") = "UserAgeValidation1", "UserAgeValidation1\UserAgeValidation1.csproj", "{B7F43FE5-3789-4936-B525-A0FBBE70E12D}"
EndProject
Global
	GlobalSection(SolutionConfigurationPlatforms) = preSolution
		Debug|Any CPU = Debug|Any CPU
		Release|Any CPU = Release|Any CPU
	EndGlobalSection
	GlobalSection(ProjectConfigurationPlatforms) = postSolution
		{AA614FA2-64B1-49D6-9DF8-59405008F945}.Debug|Any CPU.ActiveCfg = Debug|Any CPU
		{AA614FA2-64B1-49D6-9DF8-59405008F945}.Debug|Any CPU.Build.0 = Debug|Any CPU
		{AA614FA2-64B1-49D6-9DF8-59405008F945}.Release|Any CPU.ActiveCfg = Release|Any CPU
		{AA614FA2-64B1-49D6-9DF8-59405008F945}.Release|Any CPU.Build.0 = Release|Any CPU
		{4D95FAEF-841C-4D21-A1F6-C66431D37B9F}.Debug|Any CPU.ActiveCfg = Debug|Any CPU
		{4D95FAEF-841C-4D21-A1F6-C66431D37B9F}.Debug|Any CPU.Build.0 = Debug|Any CPU
		{4D95FAEF-841C-4D21-A1F6-C66431D37B9F}.Release|Any CPU.ActiveCfg = Release|Any CPU
		{4D95FAEF-841C-4D21-A1F6-C66431D37B9F}.Release|Any CPU.Build.0 = Release|Any CPU
		{B7F43FE5-3789-4936-B525-A0FBBE70E12D}.Debug|Any CPU.ActiveCfg = Debug|Any CPU
		{B7F43FE5-3789-4936-B525-A0FBBE70E12D}.Debug|Any CPU.Build.0 = Debug|Any CPU
		{B7F43FE5-3789-4936-B525-A0FBBE70E12D}.Release|Any CPU.ActiveCfg = Release|Any CPU
		{B7F43FE5-3789-4936-B525-A0FBBE70E12D}.Release|Any CPU.Build.0 = Release|Any CPU
	EndGlobalSection
	GlobalSection(SolutionProperties) = preSolution
		HideSolutionNode = FALSE
	EndGlobalSection
	GlobalSection(ExtensibilityGlobals) = postSolution
		SolutionGuid = {7C3804B9-BB18-4D6A-89E9-BE50FBE681DC}
	EndGlobalSection
EndGlobal
